// !$*UTF8*$!
{
	archiveVersion = 1;
	classes = {
	};
	objectVersion = 48;
	objects = {

/* Begin PBXBuildFile section */
		1474AE43206B4C3900523D66 /* AppDelegate.swift in Sources */ = {isa = PBXBuildFile; fileRef = 1474AE42206B4C3900523D66 /* AppDelegate.swift */; };
		1474AE45206B4C3900523D66 /* ViewController.swift in Sources */ = {isa = PBXBuildFile; fileRef = 1474AE44206B4C3900523D66 /* ViewController.swift */; };
		1474AE48206B4C3900523D66 /* Main.storyboard in Resources */ = {isa = PBXBuildFile; fileRef = 1474AE46206B4C3900523D66 /* Main.storyboard */; };
		1474AE4A206B4C3900523D66 /* Assets.xcassets in Resources */ = {isa = PBXBuildFile; fileRef = 1474AE49206B4C3900523D66 /* Assets.xcassets */; };
		1474AE4D206B4C3900523D66 /* LaunchScreen.storyboard in Resources */ = {isa = PBXBuildFile; fileRef = 1474AE4B206B4C3900523D66 /* LaunchScreen.storyboard */; };
		1474AE58206B4C3900523D66 /* ios_realestateTests.swift in Sources */ = {isa = PBXBuildFile; fileRef = 1474AE57206B4C3900523D66 /* ios_realestateTests.swift */; };
		1474AE63206B4C3900523D66 /* ios_realestateUITests.swift in Sources */ = {isa = PBXBuildFile; fileRef = 1474AE62206B4C3900523D66 /* ios_realestateUITests.swift */; };
		37188CF62A8E0388E275C7E8 /* Pods_ios_realestate.framework in Frameworks */ = {isa = PBXBuildFile; fileRef = E50FF485BF350C4C230CE749 /* Pods_ios_realestate.framework */; };
		A6F44A549865925C39F5E295 /* Pods_ios_realestateUITests.framework in Frameworks */ = {isa = PBXBuildFile; fileRef = 2FD4F6CBF5E2010BF2069769 /* Pods_ios_realestateUITests.framework */; };
		C36DAC4965A362C8D520EC20 /* Pods_ios_realestateTests.framework in Frameworks */ = {isa = PBXBuildFile; fileRef = 9D65322B9B3C92072FBDF331 /* Pods_ios_realestateTests.framework */; };
/* End PBXBuildFile section */

/* Begin PBXContainerItemProxy section */
		1474AE54206B4C3900523D66 /* PBXContainerItemProxy */ = {
			isa = PBXContainerItemProxy;
			containerPortal = 1474AE37206B4C3900523D66 /* Project object */;
			proxyType = 1;
			remoteGlobalIDString = 1474AE3E206B4C3900523D66;
			remoteInfo = "ios-realestate";
		};
		1474AE5F206B4C3900523D66 /* PBXContainerItemProxy */ = {
			isa = PBXContainerItemProxy;
			containerPortal = 1474AE37206B4C3900523D66 /* Project object */;
			proxyType = 1;
			remoteGlobalIDString = 1474AE3E206B4C3900523D66;
			remoteInfo = "ios-realestate";
		};
/* End PBXContainerItemProxy section */

/* Begin PBXFileReference section */
		1474AE3F206B4C3900523D66 /* ios-realestate.app */ = {isa = PBXFileReference; explicitFileType = wrapper.application; includeInIndex = 0; path = "ios-realestate.app"; sourceTree = BUILT_PRODUCTS_DIR; };
		1474AE42206B4C3900523D66 /* AppDelegate.swift */ = {isa = PBXFileReference; lastKnownFileType = sourcecode.swift; path = AppDelegate.swift; sourceTree = "<group>"; };
		1474AE44206B4C3900523D66 /* ViewController.swift */ = {isa = PBXFileReference; lastKnownFileType = sourcecode.swift; path = ViewController.swift; sourceTree = "<group>"; };
		1474AE47206B4C3900523D66 /* Base */ = {isa = PBXFileReference; lastKnownFileType = file.storyboard; name = Base; path = Base.lproj/Main.storyboard; sourceTree = "<group>"; };
		1474AE49206B4C3900523D66 /* Assets.xcassets */ = {isa = PBXFileReference; lastKnownFileType = folder.assetcatalog; path = Assets.xcassets; sourceTree = "<group>"; };
		1474AE4C206B4C3900523D66 /* Base */ = {isa = PBXFileReference; lastKnownFileType = file.storyboard; name = Base; path = Base.lproj/LaunchScreen.storyboard; sourceTree = "<group>"; };
		1474AE4E206B4C3900523D66 /* Info.plist */ = {isa = PBXFileReference; lastKnownFileType = text.plist.xml; path = Info.plist; sourceTree = "<group>"; };
		1474AE53206B4C3900523D66 /* ios-realestateTests.xctest */ = {isa = PBXFileReference; explicitFileType = wrapper.cfbundle; includeInIndex = 0; path = "ios-realestateTests.xctest"; sourceTree = BUILT_PRODUCTS_DIR; };
		1474AE57206B4C3900523D66 /* ios_realestateTests.swift */ = {isa = PBXFileReference; lastKnownFileType = sourcecode.swift; path = ios_realestateTests.swift; sourceTree = "<group>"; };
		1474AE59206B4C3900523D66 /* Info.plist */ = {isa = PBXFileReference; lastKnownFileType = text.plist.xml; path = Info.plist; sourceTree = "<group>"; };
		1474AE5E206B4C3900523D66 /* ios-realestateUITests.xctest */ = {isa = PBXFileReference; explicitFileType = wrapper.cfbundle; includeInIndex = 0; path = "ios-realestateUITests.xctest"; sourceTree = BUILT_PRODUCTS_DIR; };
		1474AE62206B4C3900523D66 /* ios_realestateUITests.swift */ = {isa = PBXFileReference; lastKnownFileType = sourcecode.swift; path = ios_realestateUITests.swift; sourceTree = "<group>"; };
		1474AE64206B4C3900523D66 /* Info.plist */ = {isa = PBXFileReference; lastKnownFileType = text.plist.xml; path = Info.plist; sourceTree = "<group>"; };
		2FD4F6CBF5E2010BF2069769 /* Pods_ios_realestateUITests.framework */ = {isa = PBXFileReference; explicitFileType = wrapper.framework; includeInIndex = 0; path = Pods_ios_realestateUITests.framework; sourceTree = BUILT_PRODUCTS_DIR; };
		5CA883E488DDB9060BF4CDA7 /* Pods-ios-realestateUITests.release.xcconfig */ = {isa = PBXFileReference; includeInIndex = 1; lastKnownFileType = text.xcconfig; name = "Pods-ios-realestateUITests.release.xcconfig"; path = "Pods/Target Support Files/Pods-ios-realestateUITests/Pods-ios-realestateUITests.release.xcconfig"; sourceTree = "<group>"; };
		92DD2D27CD56E9283B4CC8DA /* Pods-ios-realestateTests.release.xcconfig */ = {isa = PBXFileReference; includeInIndex = 1; lastKnownFileType = text.xcconfig; name = "Pods-ios-realestateTests.release.xcconfig"; path = "Pods/Target Support Files/Pods-ios-realestateTests/Pods-ios-realestateTests.release.xcconfig"; sourceTree = "<group>"; };
		9D65322B9B3C92072FBDF331 /* Pods_ios_realestateTests.framework */ = {isa = PBXFileReference; explicitFileType = wrapper.framework; includeInIndex = 0; path = Pods_ios_realestateTests.framework; sourceTree = BUILT_PRODUCTS_DIR; };
		C9E0B036FB6B3F707859696A /* Pods-ios-realestate.debug.xcconfig */ = {isa = PBXFileReference; includeInIndex = 1; lastKnownFileType = text.xcconfig; name = "Pods-ios-realestate.debug.xcconfig"; path = "Pods/Target Support Files/Pods-ios-realestate/Pods-ios-realestate.debug.xcconfig"; sourceTree = "<group>"; };
		D83B7257DF0216AAD032F185 /* Pods-ios-realestateTests.debug.xcconfig */ = {isa = PBXFileReference; includeInIndex = 1; lastKnownFileType = text.xcconfig; name = "Pods-ios-realestateTests.debug.xcconfig"; path = "Pods/Target Support Files/Pods-ios-realestateTests/Pods-ios-realestateTests.debug.xcconfig"; sourceTree = "<group>"; };
		DC88EA6426697DC88F48BA57 /* Pods-ios-realestateUITests.debug.xcconfig */ = {isa = PBXFileReference; includeInIndex = 1; lastKnownFileType = text.xcconfig; name = "Pods-ios-realestateUITests.debug.xcconfig"; path = "Pods/Target Support Files/Pods-ios-realestateUITests/Pods-ios-realestateUITests.debug.xcconfig"; sourceTree = "<group>"; };
		E50FF485BF350C4C230CE749 /* Pods_ios_realestate.framework */ = {isa = PBXFileReference; explicitFileType = wrapper.framework; includeInIndex = 0; path = Pods_ios_realestate.framework; sourceTree = BUILT_PRODUCTS_DIR; };
		EC0689559EAECE70CC459D6D /* Pods-ios-realestate.release.xcconfig */ = {isa = PBXFileReference; includeInIndex = 1; lastKnownFileType = text.xcconfig; name = "Pods-ios-realestate.release.xcconfig"; path = "Pods/Target Support Files/Pods-ios-realestate/Pods-ios-realestate.release.xcconfig"; sourceTree = "<group>"; };
/* End PBXFileReference section */

/* Begin PBXFrameworksBuildPhase section */
		1474AE3C206B4C3900523D66 /* Frameworks */ = {
			isa = PBXFrameworksBuildPhase;
			buildActionMask = 2147483647;
			files = (
				37188CF62A8E0388E275C7E8 /* Pods_ios_realestate.framework in Frameworks */,
			);
			runOnlyForDeploymentPostprocessing = 0;
		};
		1474AE50206B4C3900523D66 /* Frameworks */ = {
			isa = PBXFrameworksBuildPhase;
			buildActionMask = 2147483647;
			files = (
				C36DAC4965A362C8D520EC20 /* Pods_ios_realestateTests.framework in Frameworks */,
			);
			runOnlyForDeploymentPostprocessing = 0;
		};
		1474AE5B206B4C3900523D66 /* Frameworks */ = {
			isa = PBXFrameworksBuildPhase;
			buildActionMask = 2147483647;
			files = (
				A6F44A549865925C39F5E295 /* Pods_ios_realestateUITests.framework in Frameworks */,
			);
			runOnlyForDeploymentPostprocessing = 0;
		};
/* End PBXFrameworksBuildPhase section */

/* Begin PBXGroup section */
		01EB743F2BAF232344CD9EDB /* Pods */ = {
			isa = PBXGroup;
			children = (
				C9E0B036FB6B3F707859696A /* Pods-ios-realestate.debug.xcconfig */,
				EC0689559EAECE70CC459D6D /* Pods-ios-realestate.release.xcconfig */,
				D83B7257DF0216AAD032F185 /* Pods-ios-realestateTests.debug.xcconfig */,
				92DD2D27CD56E9283B4CC8DA /* Pods-ios-realestateTests.release.xcconfig */,
				DC88EA6426697DC88F48BA57 /* Pods-ios-realestateUITests.debug.xcconfig */,
				5CA883E488DDB9060BF4CDA7 /* Pods-ios-realestateUITests.release.xcconfig */,
			);
			name = Pods;
			sourceTree = "<group>";
		};
		1474AE36206B4C3900523D66 = {
			isa = PBXGroup;
			children = (
				1474AE41206B4C3900523D66 /* ios-realestate */,
				1474AE56206B4C3900523D66 /* ios-realestateTests */,
				1474AE61206B4C3900523D66 /* ios-realestateUITests */,
				1474AE40206B4C3900523D66 /* Products */,
				01EB743F2BAF232344CD9EDB /* Pods */,
				8B290798515844B2E53AF50E /* Frameworks */,
			);
			sourceTree = "<group>";
		};
		1474AE40206B4C3900523D66 /* Products */ = {
			isa = PBXGroup;
			children = (
				1474AE3F206B4C3900523D66 /* ios-realestate.app */,
				1474AE53206B4C3900523D66 /* ios-realestateTests.xctest */,
				1474AE5E206B4C3900523D66 /* ios-realestateUITests.xctest */,
			);
			name = Products;
			sourceTree = "<group>";
		};
		1474AE41206B4C3900523D66 /* ios-realestate */ = {
			isa = PBXGroup;
			children = (
				1474AE7F206B5EC200523D66 /* Presentation */,
				1474AE81206B5EEE00523D66 /* Domain */,
				1474AE80206B5EE200523D66 /* Data */,
				1474AE7E206B501200523D66 /* AppMain */,
				1474AE7D206B500D00523D66 /* Resources */,
				1474AE44206B4C3900523D66 /* ViewController.swift */,
			);
			path = "ios-realestate";
			sourceTree = "<group>";
		};
		1474AE56206B4C3900523D66 /* ios-realestateTests */ = {
			isa = PBXGroup;
			children = (
				1474AE57206B4C3900523D66 /* ios_realestateTests.swift */,
				1474AE59206B4C3900523D66 /* Info.plist */,
			);
			path = "ios-realestateTests";
			sourceTree = "<group>";
		};
		1474AE61206B4C3900523D66 /* ios-realestateUITests */ = {
			isa = PBXGroup;
			children = (
				1474AE62206B4C3900523D66 /* ios_realestateUITests.swift */,
				1474AE64206B4C3900523D66 /* Info.plist */,
			);
			path = "ios-realestateUITests";
			sourceTree = "<group>";
		};
		1474AE7D206B500D00523D66 /* Resources */ = {
			isa = PBXGroup;
			children = (
				1474AE49206B4C3900523D66 /* Assets.xcassets */,
				1474AE4E206B4C3900523D66 /* Info.plist */,
			);
			name = Resources;
			sourceTree = "<group>";
		};
		1474AE7E206B501200523D66 /* AppMain */ = {
			isa = PBXGroup;
			children = (
				1474AE42206B4C3900523D66 /* AppDelegate.swift */,
				1474AE46206B4C3900523D66 /* Main.storyboard */,
				1474AE4B206B4C3900523D66 /* LaunchScreen.storyboard */,
			);
			name = AppMain;
			sourceTree = "<group>";
		};
		1474AE7F206B5EC200523D66 /* Presentation */ = {
			isa = PBXGroup;
			children = (
			);
			path = Presentation;
			sourceTree = "<group>";
		};
		1474AE80206B5EE200523D66 /* Data */ = {
			isa = PBXGroup;
			children = (
			);
			path = Data;
			sourceTree = "<group>";
		};
		1474AE81206B5EEE00523D66 /* Domain */ = {
			isa = PBXGroup;
			children = (
			);
			path = Domain;
			sourceTree = "<group>";
		};
		8B290798515844B2E53AF50E /* Frameworks */ = {
			isa = PBXGroup;
			children = (
				E50FF485BF350C4C230CE749 /* Pods_ios_realestate.framework */,
				9D65322B9B3C92072FBDF331 /* Pods_ios_realestateTests.framework */,
				2FD4F6CBF5E2010BF2069769 /* Pods_ios_realestateUITests.framework */,
			);
			name = Frameworks;
			sourceTree = "<group>";
		};
/* End PBXGroup section */

/* Begin PBXNativeTarget section */
		1474AE3E206B4C3900523D66 /* ios-realestate */ = {
			isa = PBXNativeTarget;
			buildConfigurationList = 1474AE67206B4C3900523D66 /* Build configuration list for PBXNativeTarget "ios-realestate" */;
			buildPhases = (
				41CDA2095BDBD0F409A9DEA6 /* [CP] Check Pods Manifest.lock */,
				1474AE3B206B4C3900523D66 /* Sources */,
				1474AE3C206B4C3900523D66 /* Frameworks */,
				1474AE3D206B4C3900523D66 /* Resources */,
				A05E78C7B4B28E03AB0E15DA /* [CP] Embed Pods Frameworks */,
				B9D4C86437FDB2A01C58903E /* [CP] Copy Pods Resources */,
			);
			buildRules = (
			);
			dependencies = (
			);
			name = "ios-realestate";
			productName = "ios-realestate";
			productReference = 1474AE3F206B4C3900523D66 /* ios-realestate.app */;
			productType = "com.apple.product-type.application";
		};
		1474AE52206B4C3900523D66 /* ios-realestateTests */ = {
			isa = PBXNativeTarget;
			buildConfigurationList = 1474AE6A206B4C3900523D66 /* Build configuration list for PBXNativeTarget "ios-realestateTests" */;
			buildPhases = (
				A8DA70D3890F7FB2E914026F /* [CP] Check Pods Manifest.lock */,
				1474AE4F206B4C3900523D66 /* Sources */,
				1474AE50206B4C3900523D66 /* Frameworks */,
				1474AE51206B4C3900523D66 /* Resources */,
				8158FAB816AA4F8A24D90332 /* [CP] Embed Pods Frameworks */,
				AF32BE60886B0AFED23E8A99 /* [CP] Copy Pods Resources */,
			);
			buildRules = (
			);
			dependencies = (
				1474AE55206B4C3900523D66 /* PBXTargetDependency */,
			);
			name = "ios-realestateTests";
			productName = "ios-realestateTests";
			productReference = 1474AE53206B4C3900523D66 /* ios-realestateTests.xctest */;
			productType = "com.apple.product-type.bundle.unit-test";
		};
		1474AE5D206B4C3900523D66 /* ios-realestateUITests */ = {
			isa = PBXNativeTarget;
			buildConfigurationList = 1474AE6D206B4C3900523D66 /* Build configuration list for PBXNativeTarget "ios-realestateUITests" */;
			buildPhases = (
				E06A78E2099B54CD7E08F2F9 /* [CP] Check Pods Manifest.lock */,
				1474AE5A206B4C3900523D66 /* Sources */,
				1474AE5B206B4C3900523D66 /* Frameworks */,
				1474AE5C206B4C3900523D66 /* Resources */,
				46C91CDF7FFCAC961BA93699 /* [CP] Embed Pods Frameworks */,
				5087AEBA7056F000F46FEF6F /* [CP] Copy Pods Resources */,
			);
			buildRules = (
			);
			dependencies = (
				1474AE60206B4C3900523D66 /* PBXTargetDependency */,
			);
			name = "ios-realestateUITests";
			productName = "ios-realestateUITests";
			productReference = 1474AE5E206B4C3900523D66 /* ios-realestateUITests.xctest */;
			productType = "com.apple.product-type.bundle.ui-testing";
		};
/* End PBXNativeTarget section */

/* Begin PBXProject section */
		1474AE37206B4C3900523D66 /* Project object */ = {
			isa = PBXProject;
			attributes = {
				LastSwiftUpdateCheck = 0920;
				LastUpgradeCheck = 0920;
				ORGANIZATIONNAME = JungMoon;
				TargetAttributes = {
					1474AE3E206B4C3900523D66 = {
						CreatedOnToolsVersion = 9.2;
						ProvisioningStyle = Automatic;
					};
					1474AE52206B4C3900523D66 = {
						CreatedOnToolsVersion = 9.2;
						ProvisioningStyle = Automatic;
						TestTargetID = 1474AE3E206B4C3900523D66;
					};
					1474AE5D206B4C3900523D66 = {
						CreatedOnToolsVersion = 9.2;
						ProvisioningStyle = Automatic;
						TestTargetID = 1474AE3E206B4C3900523D66;
					};
				};
			};
			buildConfigurationList = 1474AE3A206B4C3900523D66 /* Build configuration list for PBXProject "ios-realestate" */;
			compatibilityVersion = "Xcode 8.0";
			developmentRegion = en;
			hasScannedForEncodings = 0;
			knownRegions = (
				en,
				Base,
			);
			mainGroup = 1474AE36206B4C3900523D66;
			productRefGroup = 1474AE40206B4C3900523D66 /* Products */;
			projectDirPath = "";
			projectRoot = "";
			targets = (
				1474AE3E206B4C3900523D66 /* ios-realestate */,
				1474AE52206B4C3900523D66 /* ios-realestateTests */,
				1474AE5D206B4C3900523D66 /* ios-realestateUITests */,
			);
		};
/* End PBXProject section */

/* Begin PBXResourcesBuildPhase section */
		1474AE3D206B4C3900523D66 /* Resources */ = {
			isa = PBXResourcesBuildPhase;
			buildActionMask = 2147483647;
			files = (
				1474AE4D206B4C3900523D66 /* LaunchScreen.storyboard in Resources */,
				1474AE4A206B4C3900523D66 /* Assets.xcassets in Resources */,
				1474AE48206B4C3900523D66 /* Main.storyboard in Resources */,
			);
			runOnlyForDeploymentPostprocessing = 0;
		};
		1474AE51206B4C3900523D66 /* Resources */ = {
			isa = PBXResourcesBuildPhase;
			buildActionMask = 2147483647;
			files = (
			);
			runOnlyForDeploymentPostprocessing = 0;
		};
		1474AE5C206B4C3900523D66 /* Resources */ = {
			isa = PBXResourcesBuildPhase;
			buildActionMask = 2147483647;
			files = (
			);
			runOnlyForDeploymentPostprocessing = 0;
		};
/* End PBXResourcesBuildPhase section */

/* Begin PBXShellScriptBuildPhase section */
		41CDA2095BDBD0F409A9DEA6 /* [CP] Check Pods Manifest.lock */ = {
			isa = PBXShellScriptBuildPhase;
			buildActionMask = 2147483647;
			files = (
			);
			inputPaths = (
				"${PODS_PODFILE_DIR_PATH}/Podfile.lock",
				"${PODS_ROOT}/Manifest.lock",
			);
			name = "[CP] Check Pods Manifest.lock";
			outputPaths = (
				"$(DERIVED_FILE_DIR)/Pods-ios-realestate-checkManifestLockResult.txt",
			);
			runOnlyForDeploymentPostprocessing = 0;
			shellPath = /bin/sh;
			shellScript = "diff \"${PODS_PODFILE_DIR_PATH}/Podfile.lock\" \"${PODS_ROOT}/Manifest.lock\" > /dev/null\nif [ $? != 0 ] ; then\n    # print error to STDERR\n    echo \"error: The sandbox is not in sync with the Podfile.lock. Run 'pod install' or update your CocoaPods installation.\" >&2\n    exit 1\nfi\n# This output is used by Xcode 'outputs' to avoid re-running this script phase.\necho \"SUCCESS\" > \"${SCRIPT_OUTPUT_FILE_0}\"\n";
			showEnvVarsInLog = 0;
		};
		46C91CDF7FFCAC961BA93699 /* [CP] Embed Pods Frameworks */ = {
			isa = PBXShellScriptBuildPhase;
			buildActionMask = 2147483647;
			files = (
			);
			inputPaths = (
			);
			name = "[CP] Embed Pods Frameworks";
			outputPaths = (
			);
			runOnlyForDeploymentPostprocessing = 0;
			shellPath = /bin/sh;
			shellScript = "\"${SRCROOT}/Pods/Target Support Files/Pods-ios-realestateUITests/Pods-ios-realestateUITests-frameworks.sh\"\n";
			showEnvVarsInLog = 0;
		};
		5087AEBA7056F000F46FEF6F /* [CP] Copy Pods Resources */ = {
			isa = PBXShellScriptBuildPhase;
			buildActionMask = 2147483647;
			files = (
			);
			inputPaths = (
			);
			name = "[CP] Copy Pods Resources";
			outputPaths = (
			);
			runOnlyForDeploymentPostprocessing = 0;
			shellPath = /bin/sh;
			shellScript = "\"${SRCROOT}/Pods/Target Support Files/Pods-ios-realestateUITests/Pods-ios-realestateUITests-resources.sh\"\n";
			showEnvVarsInLog = 0;
		};
		8158FAB816AA4F8A24D90332 /* [CP] Embed Pods Frameworks */ = {
			isa = PBXShellScriptBuildPhase;
			buildActionMask = 2147483647;
			files = (
			);
			inputPaths = (
			);
			name = "[CP] Embed Pods Frameworks";
			outputPaths = (
			);
			runOnlyForDeploymentPostprocessing = 0;
			shellPath = /bin/sh;
			shellScript = "\"${SRCROOT}/Pods/Target Support Files/Pods-ios-realestateTests/Pods-ios-realestateTests-frameworks.sh\"\n";
			showEnvVarsInLog = 0;
		};
		A05E78C7B4B28E03AB0E15DA /* [CP] Embed Pods Frameworks */ = {
			isa = PBXShellScriptBuildPhase;
			buildActionMask = 2147483647;
			files = (
			);
			inputPaths = (
				"${SRCROOT}/Pods/Target Support Files/Pods-ios-realestate/Pods-ios-realestate-frameworks.sh",
				"${BUILT_PRODUCTS_DIR}/RxCocoa/RxCocoa.framework",
				"${BUILT_PRODUCTS_DIR}/RxSwift/RxSwift.framework",
			);
			name = "[CP] Embed Pods Frameworks";
			outputPaths = (
				"${TARGET_BUILD_DIR}/${FRAMEWORKS_FOLDER_PATH}/RxCocoa.framework",
				"${TARGET_BUILD_DIR}/${FRAMEWORKS_FOLDER_PATH}/RxSwift.framework",
			);
			runOnlyForDeploymentPostprocessing = 0;
			shellPath = /bin/sh;
			shellScript = "\"${SRCROOT}/Pods/Target Support Files/Pods-ios-realestate/Pods-ios-realestate-frameworks.sh\"\n";
			showEnvVarsInLog = 0;
		};
		A8DA70D3890F7FB2E914026F /* [CP] Check Pods Manifest.lock */ = {
			isa = PBXShellScriptBuildPhase;
			buildActionMask = 2147483647;
			files = (
			);
			inputPaths = (
				"${PODS_PODFILE_DIR_PATH}/Podfile.lock",
				"${PODS_ROOT}/Manifest.lock",
			);
			name = "[CP] Check Pods Manifest.lock";
			outputPaths = (
				"$(DERIVED_FILE_DIR)/Pods-ios-realestateTests-checkManifestLockResult.txt",
			);
			runOnlyForDeploymentPostprocessing = 0;
			shellPath = /bin/sh;
			shellScript = "diff \"${PODS_PODFILE_DIR_PATH}/Podfile.lock\" \"${PODS_ROOT}/Manifest.lock\" > /dev/null\nif [ $? != 0 ] ; then\n    # print error to STDERR\n    echo \"error: The sandbox is not in sync with the Podfile.lock. Run 'pod install' or update your CocoaPods installation.\" >&2\n    exit 1\nfi\n# This output is used by Xcode 'outputs' to avoid re-running this script phase.\necho \"SUCCESS\" > \"${SCRIPT_OUTPUT_FILE_0}\"\n";
			showEnvVarsInLog = 0;
		};
		AF32BE60886B0AFED23E8A99 /* [CP] Copy Pods Resources */ = {
			isa = PBXShellScriptBuildPhase;
			buildActionMask = 2147483647;
			files = (
			);
			inputPaths = (
			);
			name = "[CP] Copy Pods Resources";
			outputPaths = (
			);
			runOnlyForDeploymentPostprocessing = 0;
			shellPath = /bin/sh;
			shellScript = "\"${SRCROOT}/Pods/Target Support Files/Pods-ios-realestateTests/Pods-ios-realestateTests-resources.sh\"\n";
			showEnvVarsInLog = 0;
		};
		B9D4C86437FDB2A01C58903E /* [CP] Copy Pods Resources */ = {
			isa = PBXShellScriptBuildPhase;
			buildActionMask = 2147483647;
			files = (
			);
			inputPaths = (
			);
			name = "[CP] Copy Pods Resources";
			outputPaths = (
			);
			runOnlyForDeploymentPostprocessing = 0;
			shellPath = /bin/sh;
			shellScript = "\"${SRCROOT}/Pods/Target Support Files/Pods-ios-realestate/Pods-ios-realestate-resources.sh\"\n";
			showEnvVarsInLog = 0;
		};
		E06A78E2099B54CD7E08F2F9 /* [CP] Check Pods Manifest.lock */ = {
			isa = PBXShellScriptBuildPhase;
			buildActionMask = 2147483647;
			files = (
			);
			inputPaths = (
				"${PODS_PODFILE_DIR_PATH}/Podfile.lock",
				"${PODS_ROOT}/Manifest.lock",
			);
			name = "[CP] Check Pods Manifest.lock";
			outputPaths = (
				"$(DERIVED_FILE_DIR)/Pods-ios-realestateUITests-checkManifestLockResult.txt",
			);
			runOnlyForDeploymentPostprocessing = 0;
			shellPath = /bin/sh;
			shellScript = "diff \"${PODS_PODFILE_DIR_PATH}/Podfile.lock\" \"${PODS_ROOT}/Manifest.lock\" > /dev/null\nif [ $? != 0 ] ; then\n    # print error to STDERR\n    echo \"error: The sandbox is not in sync with the Podfile.lock. Run 'pod install' or update your CocoaPods installation.\" >&2\n    exit 1\nfi\n# This output is used by Xcode 'outputs' to avoid re-running this script phase.\necho \"SUCCESS\" > \"${SCRIPT_OUTPUT_FILE_0}\"\n";
			showEnvVarsInLog = 0;
		};
/* End PBXShellScriptBuildPhase section */

/* Begin PBXSourcesBuildPhase section */
		1474AE3B206B4C3900523D66 /* Sources */ = {
			isa = PBXSourcesBuildPhase;
			buildActionMask = 2147483647;
			files = (
				1474AE45206B4C3900523D66 /* ViewController.swift in Sources */,
				1474AE43206B4C3900523D66 /* AppDelegate.swift in Sources */,
			);
			runOnlyForDeploymentPostprocessing = 0;
		};
		1474AE4F206B4C3900523D66 /* Sources */ = {
			isa = PBXSourcesBuildPhase;
			buildActionMask = 2147483647;
			files = (
				1474AE58206B4C3900523D66 /* ios_realestateTests.swift in Sources */,
			);
			runOnlyForDeploymentPostprocessing = 0;
		};
		1474AE5A206B4C3900523D66 /* Sources */ = {
			isa = PBXSourcesBuildPhase;
			buildActionMask = 2147483647;
			files = (
				1474AE63206B4C3900523D66 /* ios_realestateUITests.swift in Sources */,
			);
			runOnlyForDeploymentPostprocessing = 0;
		};
/* End PBXSourcesBuildPhase section */

/* Begin PBXTargetDependency section */
		1474AE55206B4C3900523D66 /* PBXTargetDependency */ = {
			isa = PBXTargetDependency;
			target = 1474AE3E206B4C3900523D66 /* ios-realestate */;
			targetProxy = 1474AE54206B4C3900523D66 /* PBXContainerItemProxy */;
		};
		1474AE60206B4C3900523D66 /* PBXTargetDependency */ = {
			isa = PBXTargetDependency;
			target = 1474AE3E206B4C3900523D66 /* ios-realestate */;
			targetProxy = 1474AE5F206B4C3900523D66 /* PBXContainerItemProxy */;
		};
/* End PBXTargetDependency section */

/* Begin PBXVariantGroup section */
		1474AE46206B4C3900523D66 /* Main.storyboard */ = {
			isa = PBXVariantGroup;
			children = (
				1474AE47206B4C3900523D66 /* Base */,
			);
			name = Main.storyboard;
			sourceTree = "<group>";
		};
		1474AE4B206B4C3900523D66 /* LaunchScreen.storyboard */ = {
			isa = PBXVariantGroup;
			children = (
				1474AE4C206B4C3900523D66 /* Base */,
			);
			name = LaunchScreen.storyboard;
			sourceTree = "<group>";
		};
/* End PBXVariantGroup section */

/* Begin XCBuildConfiguration section */
		1474AE65206B4C3900523D66 /* Debug */ = {
			isa = XCBuildConfiguration;
			buildSettings = {
				ALWAYS_SEARCH_USER_PATHS = NO;
				CLANG_ANALYZER_NONNULL = YES;
				CLANG_ANALYZER_NUMBER_OBJECT_CONVERSION = YES_AGGRESSIVE;
				CLANG_CXX_LANGUAGE_STANDARD = "gnu++14";
				CLANG_CXX_LIBRARY = "libc++";
				CLANG_ENABLE_MODULES = YES;
				CLANG_ENABLE_OBJC_ARC = YES;
				CLANG_WARN_BLOCK_CAPTURE_AUTORELEASING = YES;
				CLANG_WARN_BOOL_CONVERSION = YES;
				CLANG_WARN_COMMA = YES;
				CLANG_WARN_CONSTANT_CONVERSION = YES;
				CLANG_WARN_DIRECT_OBJC_ISA_USAGE = YES_ERROR;
				CLANG_WARN_DOCUMENTATION_COMMENTS = YES;
				CLANG_WARN_EMPTY_BODY = YES;
				CLANG_WARN_ENUM_CONVERSION = YES;
				CLANG_WARN_INFINITE_RECURSION = YES;
				CLANG_WARN_INT_CONVERSION = YES;
				CLANG_WARN_NON_LITERAL_NULL_CONVERSION = YES;
				CLANG_WARN_OBJC_LITERAL_CONVERSION = YES;
				CLANG_WARN_OBJC_ROOT_CLASS = YES_ERROR;
				CLANG_WARN_RANGE_LOOP_ANALYSIS = YES;
				CLANG_WARN_STRICT_PROTOTYPES = YES;
				CLANG_WARN_SUSPICIOUS_MOVE = YES;
				CLANG_WARN_UNGUARDED_AVAILABILITY = YES_AGGRESSIVE;
				CLANG_WARN_UNREACHABLE_CODE = YES;
				CLANG_WARN__DUPLICATE_METHOD_MATCH = YES;
				CODE_SIGN_IDENTITY = "iPhone Developer";
				COPY_PHASE_STRIP = NO;
				DEBUG_INFORMATION_FORMAT = dwarf;
				ENABLE_STRICT_OBJC_MSGSEND = YES;
				ENABLE_TESTABILITY = YES;
				GCC_C_LANGUAGE_STANDARD = gnu11;
				GCC_DYNAMIC_NO_PIC = NO;
				GCC_NO_COMMON_BLOCKS = YES;
				GCC_OPTIMIZATION_LEVEL = 0;
				GCC_PREPROCESSOR_DEFINITIONS = (
					"DEBUG=1",
					"$(inherited)",
				);
				GCC_WARN_64_TO_32_BIT_CONVERSION = YES;
				GCC_WARN_ABOUT_RETURN_TYPE = YES_ERROR;
				GCC_WARN_UNDECLARED_SELECTOR = YES;
				GCC_WARN_UNINITIALIZED_AUTOS = YES_AGGRESSIVE;
				GCC_WARN_UNUSED_FUNCTION = YES;
				GCC_WARN_UNUSED_VARIABLE = YES;
				IPHONEOS_DEPLOYMENT_TARGET = 11.2;
				MTL_ENABLE_DEBUG_INFO = YES;
				ONLY_ACTIVE_ARCH = YES;
				SDKROOT = iphoneos;
				SWIFT_ACTIVE_COMPILATION_CONDITIONS = DEBUG;
				SWIFT_OPTIMIZATION_LEVEL = "-Onone";
			};
			name = Debug;
		};
		1474AE66206B4C3900523D66 /* Release */ = {
			isa = XCBuildConfiguration;
			buildSettings = {
				ALWAYS_SEARCH_USER_PATHS = NO;
				CLANG_ANALYZER_NONNULL = YES;
				CLANG_ANALYZER_NUMBER_OBJECT_CONVERSION = YES_AGGRESSIVE;
				CLANG_CXX_LANGUAGE_STANDARD = "gnu++14";
				CLANG_CXX_LIBRARY = "libc++";
				CLANG_ENABLE_MODULES = YES;
				CLANG_ENABLE_OBJC_ARC = YES;
				CLANG_WARN_BLOCK_CAPTURE_AUTORELEASING = YES;
				CLANG_WARN_BOOL_CONVERSION = YES;
				CLANG_WARN_COMMA = YES;
				CLANG_WARN_CONSTANT_CONVERSION = YES;
				CLANG_WARN_DIRECT_OBJC_ISA_USAGE = YES_ERROR;
				CLANG_WARN_DOCUMENTATION_COMMENTS = YES;
				CLANG_WARN_EMPTY_BODY = YES;
				CLANG_WARN_ENUM_CONVERSION = YES;
				CLANG_WARN_INFINITE_RECURSION = YES;
				CLANG_WARN_INT_CONVERSION = YES;
				CLANG_WARN_NON_LITERAL_NULL_CONVERSION = YES;
				CLANG_WARN_OBJC_LITERAL_CONVERSION = YES;
				CLANG_WARN_OBJC_ROOT_CLASS = YES_ERROR;
				CLANG_WARN_RANGE_LOOP_ANALYSIS = YES;
				CLANG_WARN_STRICT_PROTOTYPES = YES;
				CLANG_WARN_SUSPICIOUS_MOVE = YES;
				CLANG_WARN_UNGUARDED_AVAILABILITY = YES_AGGRESSIVE;
				CLANG_WARN_UNREACHABLE_CODE = YES;
				CLANG_WARN__DUPLICATE_METHOD_MATCH = YES;
				CODE_SIGN_IDENTITY = "iPhone Developer";
				COPY_PHASE_STRIP = NO;
				DEBUG_INFORMATION_FORMAT = "dwarf-with-dsym";
				ENABLE_NS_ASSERTIONS = NO;
				ENABLE_STRICT_OBJC_MSGSEND = YES;
				GCC_C_LANGUAGE_STANDARD = gnu11;
				GCC_NO_COMMON_BLOCKS = YES;
				GCC_WARN_64_TO_32_BIT_CONVERSION = YES;
				GCC_WARN_ABOUT_RETURN_TYPE = YES_ERROR;
				GCC_WARN_UNDECLARED_SELECTOR = YES;
				GCC_WARN_UNINITIALIZED_AUTOS = YES_AGGRESSIVE;
				GCC_WARN_UNUSED_FUNCTION = YES;
				GCC_WARN_UNUSED_VARIABLE = YES;
				IPHONEOS_DEPLOYMENT_TARGET = 11.2;
				MTL_ENABLE_DEBUG_INFO = NO;
				SDKROOT = iphoneos;
				SWIFT_OPTIMIZATION_LEVEL = "-Owholemodule";
				VALIDATE_PRODUCT = YES;
			};
			name = Release;
		};
		1474AE68206B4C3900523D66 /* Debug */ = {
			isa = XCBuildConfiguration;
			baseConfigurationReference = C9E0B036FB6B3F707859696A /* Pods-ios-realestate.debug.xcconfig */;
			buildSettings = {
				ASSETCATALOG_COMPILER_APPICON_NAME = AppIcon;
				CODE_SIGN_STYLE = Automatic;
				DEVELOPMENT_TEAM = Z899367H3S;
				INFOPLIST_FILE = "ios-realestate/Info.plist";
				LD_RUNPATH_SEARCH_PATHS = "$(inherited) @executable_path/Frameworks";
				PRODUCT_BUNDLE_IDENTIFIER = "zuminternet.ios-realestate";
				PRODUCT_NAME = "$(TARGET_NAME)";
				SWIFT_VERSION = 4.0;
				TARGETED_DEVICE_FAMILY = "1,2";
			};
			name = Debug;
		};
		1474AE69206B4C3900523D66 /* Release */ = {
			isa = XCBuildConfiguration;
			baseConfigurationReference = EC0689559EAECE70CC459D6D /* Pods-ios-realestate.release.xcconfig */;
			buildSettings = {
				ASSETCATALOG_COMPILER_APPICON_NAME = AppIcon;
				CODE_SIGN_STYLE = Automatic;
				DEVELOPMENT_TEAM = Z899367H3S;
				INFOPLIST_FILE = "ios-realestate/Info.plist";
				LD_RUNPATH_SEARCH_PATHS = "$(inherited) @executable_path/Frameworks";
				PRODUCT_BUNDLE_IDENTIFIER = "zuminternet.ios-realestate";
				PRODUCT_NAME = "$(TARGET_NAME)";
				SWIFT_VERSION = 4.0;
				TARGETED_DEVICE_FAMILY = "1,2";
			};
			name = Release;
		};
		1474AE6B206B4C3900523D66 /* Debug */ = {
			isa = XCBuildConfiguration;
			baseConfigurationReference = D83B7257DF0216AAD032F185 /* Pods-ios-realestateTests.debug.xcconfig */;
			buildSettings = {
				ALWAYS_EMBED_SWIFT_STANDARD_LIBRARIES = YES;
				BUNDLE_LOADER = "$(TEST_HOST)";
				CODE_SIGN_STYLE = Automatic;
				DEVELOPMENT_TEAM = Z899367H3S;
				INFOPLIST_FILE = "ios-realestateTests/Info.plist";
				LD_RUNPATH_SEARCH_PATHS = "$(inherited) @executable_path/Frameworks @loader_path/Frameworks";
				PRODUCT_BUNDLE_IDENTIFIER = "zuminternet.ios-realestateTests";
				PRODUCT_NAME = "$(TARGET_NAME)";
				SWIFT_VERSION = 4.0;
				TARGETED_DEVICE_FAMILY = "1,2";
				TEST_HOST = "$(BUILT_PRODUCTS_DIR)/ios-realestate.app/ios-realestate";
			};
			name = Debug;
		};
		1474AE6C206B4C3900523D66 /* Release */ = {
			isa = XCBuildConfiguration;
			baseConfigurationReference = 92DD2D27CD56E9283B4CC8DA /* Pods-ios-realestateTests.release.xcconfig */;
			buildSettings = {
				ALWAYS_EMBED_SWIFT_STANDARD_LIBRARIES = YES;
				BUNDLE_LOADER = "$(TEST_HOST)";
				CODE_SIGN_STYLE = Automatic;
				DEVELOPMENT_TEAM = Z899367H3S;
				INFOPLIST_FILE = "ios-realestateTests/Info.plist";
				LD_RUNPATH_SEARCH_PATHS = "$(inherited) @executable_path/Frameworks @loader_path/Frameworks";
				PRODUCT_BUNDLE_IDENTIFIER = "zuminternet.ios-realestateTests";
				PRODUCT_NAME = "$(TARGET_NAME)";
				SWIFT_VERSION = 4.0;
				TARGETED_DEVICE_FAMILY = "1,2";
				TEST_HOST = "$(BUILT_PRODUCTS_DIR)/ios-realestate.app/ios-realestate";
			};
			name = Release;
		};
		1474AE6E206B4C3900523D66 /* Debug */ = {
			isa = XCBuildConfiguration;
			baseConfigurationReference = DC88EA6426697DC88F48BA57 /* Pods-ios-realestateUITests.debug.xcconfig */;
			buildSettings = {
				ALWAYS_EMBED_SWIFT_STANDARD_LIBRARIES = YES;
				CODE_SIGN_STYLE = Automatic;
				DEVELOPMENT_TEAM = Z899367H3S;
				INFOPLIST_FILE = "ios-realestateUITests/Info.plist";
				LD_RUNPATH_SEARCH_PATHS = "$(inherited) @executable_path/Frameworks @loader_path/Frameworks";
				PRODUCT_BUNDLE_IDENTIFIER = "zuminternet.ios-realestateUITests";
				PRODUCT_NAME = "$(TARGET_NAME)";
				SWIFT_VERSION = 4.0;
				TARGETED_DEVICE_FAMILY = "1,2";
				TEST_TARGET_NAME = "ios-realestate";
			};
			name = Debug;
		};
		1474AE6F206B4C3900523D66 /* Release */ = {
			isa = XCBuildConfiguration;
			baseConfigurationReference = 5CA883E488DDB9060BF4CDA7 /* Pods-ios-realestateUITests.release.xcconfig */;
			buildSettings = {
				ALWAYS_EMBED_SWIFT_STANDARD_LIBRARIES = YES;
				CODE_SIGN_STYLE = Automatic;
				DEVELOPMENT_TEAM = Z899367H3S;
				INFOPLIST_FILE = "ios-realestateUITests/Info.plist";
				LD_RUNPATH_SEARCH_PATHS = "$(inherited) @executable_path/Frameworks @loader_path/Frameworks";
				PRODUCT_BUNDLE_IDENTIFIER = "zuminternet.ios-realestateUITests";
				PRODUCT_NAME = "$(TARGET_NAME)";
				SWIFT_VERSION = 4.0;
				TARGETED_DEVICE_FAMILY = "1,2";
				TEST_TARGET_NAME = "ios-realestate";
			};
			name = Release;
		};
/* End XCBuildConfiguration section */

/* Begin XCConfigurationList section */
		1474AE3A206B4C3900523D66 /* Build configuration list for PBXProject "ios-realestate" */ = {
			isa = XCConfigurationList;
			buildConfigurations = (
				1474AE65206B4C3900523D66 /* Debug */,
				1474AE66206B4C3900523D66 /* Release */,
			);
			defaultConfigurationIsVisible = 0;
			defaultConfigurationName = Release;
		};
		1474AE67206B4C3900523D66 /* Build configuration list for PBXNativeTarget "ios-realestate" */ = {
			isa = XCConfigurationList;
			buildConfigurations = (
				1474AE68206B4C3900523D66 /* Debug */,
				1474AE69206B4C3900523D66 /* Release */,
			);
			defaultConfigurationIsVisible = 0;
			defaultConfigurationName = Release;
		};
		1474AE6A206B4C3900523D66 /* Build configuration list for PBXNativeTarget "ios-realestateTests" */ = {
			isa = XCConfigurationList;
			buildConfigurations = (
				1474AE6B206B4C3900523D66 /* Debug */,
				1474AE6C206B4C3900523D66 /* Release */,
			);
			defaultConfigurationIsVisible = 0;
			defaultConfigurationName = Release;
		};
		1474AE6D206B4C3900523D66 /* Build configuration list for PBXNativeTarget "ios-realestateUITests" */ = {
			isa = XCConfigurationList;
			buildConfigurations = (
				1474AE6E206B4C3900523D66 /* Debug */,
				1474AE6F206B4C3900523D66 /* Release */,
			);
			defaultConfigurationIsVisible = 0;
			defaultConfigurationName = Release;
		};
/* End XCConfigurationList section */
	};
	rootObject = 1474AE37206B4C3900523D66 /* Project object */;
}
